
Microsoft Visual Studio Solution File, Format Version 12.00
# Visual Studio Version 16
VisualStudioVersion = 16.0.31321.278
MinimumVisualStudioVersion = 10.0.40219.1
Project("{FAE04EC0-301F-11D3-BF4B-00C04F79EFBC}") = "prime-with-threads-and-tpl", "prime-with-threads-and-tpl\prime-with-threads-and-tpl.csproj", "{9EFA51CD-6917-4126-98ED-131FF18180A9}"
EndProject
Global
	GlobalSection(SolutionConfigurationPlatforms) = preSolution
		Debug|Any CPU = Debug|Any CPU
		Release|Any CPU = Release|Any CPU
	EndGlobalSection
	GlobalSection(ProjectConfigurationPlatforms) = postSolution
		{9EFA51CD-6917-4126-98ED-131FF18180A9}.Debug|Any CPU.ActiveCfg = Debug|Any CPU
		{9EFA51CD-6917-4126-98ED-131FF18180A9}.Debug|Any CPU.Build.0 = Debug|Any CPU
		{9EFA51CD-6917-4126-98ED-131FF18180A9}.Release|Any CPU.ActiveCfg = Release|Any CPU
		{9EFA51CD-6917-4126-98ED-131FF18180A9}.Release|Any CPU.Build.0 = Release|Any CPU
	EndGlobalSection
	GlobalSection(SolutionProperties) = preSolution
		HideSolutionNode = FALSE
	EndGlobalSection
	GlobalSection(ExtensibilityGlobals) = postSolution
		SolutionGuid = {7C28F844-99E9-45D4-991D-0480B44917FD}
	EndGlobalSection
EndGlobal
